
Microsoft Visual Studio Solution File, Format Version 12.00
# Visual Studio 15
VisualStudioVersion = 15.0.28307.572
MinimumVisualStudioVersion = 10.0.40219.1
Project("{FAE04EC0-301F-11D3-BF4B-00C04F79EFBC}") = "MeuWebSite", "MeuWebSite\MeuWebSite.csproj", "{7626F4D7-D764-4708-9F78-11D00CD2ABE6}"
EndProject
Global
	GlobalSection(SolutionConfigurationPlatforms) = preSolution
		Debug|Any CPU = Debug|Any CPU
		Release|Any CPU = Release|Any CPU
	EndGlobalSection
	GlobalSection(ProjectConfigurationPlatforms) = postSolution
		{7626F4D7-D764-4708-9F78-11D00CD2ABE6}.Debug|Any CPU.ActiveCfg = Debug|Any CPU
		{7626F4D7-D764-4708-9F78-11D00CD2ABE6}.Debug|Any CPU.Build.0 = Debug|Any CPU
		{7626F4D7-D764-4708-9F78-11D00CD2ABE6}.Release|Any CPU.ActiveCfg = Release|Any CPU
		{7626F4D7-D764-4708-9F78-11D00CD2ABE6}.Release|Any CPU.Build.0 = Release|Any CPU
	EndGlobalSection
	GlobalSection(SolutionProperties) = preSolution
		HideSolutionNode = FALSE
	EndGlobalSection
	GlobalSection(ExtensibilityGlobals) = postSolution
		SolutionGuid = {ACC965FC-206C-456C-9DA6-0678A1DA2096}
	EndGlobalSection
EndGlobal
